PODS:
  - AFNetworking (4.0.1):
    - AFNetworking/NSURLSession (= 4.0.1)
    - AFNetworking/Reachability (= 4.0.1)
    - AFNetworking/Security (= 4.0.1)
    - AFNetworking/Serialization (= 4.0.1)
    - AFNetworking/UIKit (= 4.0.1)
  - AFNetworking/NSURLSession (4.0.1):
    - AFNetworking/Reachability
    - AFNetworking/Security
    - AFNetworking/Serialization
  - AFNetworking/Reachability (4.0.1)
  - AFNetworking/Security (4.0.1)
  - AFNetworking/Serialization (4.0.1)
  - AFNetworking/UIKit (4.0.1):
    - AFNetworking/NSURLSession
  - Alamofire (5.11.0)
  - AMPopTip (4.12.0)
  - BMPlayer (1.3.2):
    - BMPlayer/Full (= 1.3.2)
  - BMPlayer/Core (1.3.2)
  - BMPlayer/Full (1.3.2):
    - BMPlayer/Core
    - NVActivityIndicatorView (~> 4.7.0)
    - SnapKit (~> 5.0.0)
  - BRPickerViewSwift (0.0.1):
    - JobsByUIKit
    - JobsSwiftDSL
    - SnapKit
  - Cache (7.4.0)
  - CocoaLumberjack (3.9.0):
    - CocoaLumberjack/Core (= 3.9.0)
  - CocoaLumberjack/Core (3.9.0)
  - CocoaLumberjack/Swift (3.9.0):
    - CocoaLumberjack/Core
  - CoreXLSX (0.14.1):
    - XMLCoder (~> 0.11.1)
    - ZIPFoundation (~> 0.9.11)
  - Descriptors (0.2.1):
    - Descriptors/Core (= 0.2.1)
  - Descriptors/Core (0.2.1)
  - DeviceKit (5.7.0)
  - Differentiator (5.0.0)
  - ESPullToRefresh (2.9.3)
  - FingerprintJS (1.6.0):
    - FingerprintJS/Core (= 1.6.0)
  - FingerprintJS/Core (1.6.0):
    - FingerprintJS/SystemControl
  - FingerprintJS/SystemControl (1.6.0)
  - Flutter (1.0.0)
  - FlutterPluginRegistrant (0.0.1):
    - Flutter
  - FSPopoverView (3.1.6)
  - GKLivePhotoManager (1.0.7)
  - GKNavigationBarSwift (1.7.3)
  - GKPhotoBrowser (3.2.8):
    - GKPhotoBrowser/Default (= 3.2.8)
  - GKPhotoBrowser/AF (3.2.8):
    - AFNetworking
    - GKLivePhotoManager
    - GKPhotoBrowser/Core
  - GKPhotoBrowser/AVPlayer (3.2.8):
    - GKPhotoBrowser/Core
  - GKPhotoBrowser/Core (3.2.8):
    - GKPhotoBrowser/Resources
  - GKPhotoBrowser/Cover (3.2.8):
    - GKPhotoBrowser/Core
  - GKPhotoBrowser/Default (3.2.8):
    - GKPhotoBrowser/AF
    - GKPhotoBrowser/AVPlayer
    - GKPhotoBrowser/Cover
    - GKPhotoBrowser/Progress
    - GKPhotoBrowser/SD
  - GKPhotoBrowser/Progress (3.2.8):
    - GKPhotoBrowser/Core
    - GKSliderView
  - GKPhotoBrowser/Resources (3.2.8)
  - GKPhotoBrowser/SD (3.2.8):
    - GKPhotoBrowser/Core
    - SDWebImage (~> 5.0)
  - GKSliderView (1.2.3)
  - HaishinKit (2.0.9):
    - Logboard (~> 2.5.0)
  - HTMLReader (2.2.1)
  - InternalCollectionsUtilities (1.1.1)
  - IQKeyboardCore (1.0.8)
  - IQKeyboardManagerSwift (8.0.1):
    - IQKeyboardManagerSwift/Appearance (= 8.0.1)
    - IQKeyboardManagerSwift/Core (= 8.0.1)
    - IQKeyboardManagerSwift/IQKeyboardReturnManager (= 8.0.1)
    - IQKeyboardManagerSwift/IQKeyboardToolbarManager (= 8.0.1)
    - IQKeyboardManagerSwift/IQTextView (= 8.0.1)
    - IQKeyboardManagerSwift/Resign (= 8.0.1)
  - IQKeyboardManagerSwift/Appearance (8.0.1):
    - IQKeyboardManagerSwift/Core
  - IQKeyboardManagerSwift/Core (8.0.1):
    - IQKeyboardNotification
    - IQTextInputViewNotification
  - IQKeyboardManagerSwift/IQKeyboardReturnManager (8.0.1):
    - IQKeyboardReturnManager
  - IQKeyboardManagerSwift/IQKeyboardToolbarManager (8.0.1):
    - IQKeyboardManagerSwift/Core
    - IQKeyboardToolbarManager
  - IQKeyboardManagerSwift/IQTextView (8.0.1):
    - IQTextView
  - IQKeyboardManagerSwift/Resign (8.0.1):
    - IQKeyboardManagerSwift/Core
  - IQKeyboardNotification (1.0.6)
  - IQKeyboardReturnManager (1.0.6):
    - IQKeyboardCore
  - IQKeyboardToolbar (1.1.3):
    - IQKeyboardToolbar/Core (= 1.1.3)
  - IQKeyboardToolbar/Core (1.1.3):
    - IQKeyboardCore
    - IQKeyboardToolbar/Placeholderable
  - IQKeyboardToolbar/Placeholderable (1.1.3)
  - IQKeyboardToolbarManager (1.1.5):
    - IQKeyboardToolbar
    - IQTextInputViewNotification
  - IQTextInputViewNotification (1.0.9):
    - IQKeyboardCore
  - IQTextView (1.0.5):
    - IQKeyboardToolbar/Placeholderable
  - JobsAppDoor (1.0.0):
    - JobsAppDoor/Core (= 1.0.0)
    - JobsAppDoor/Resource (= 1.0.0)
    - JobsByUIKit
    - JobsCountdownButton
    - JobsInheritance
    - JobsSwiftBaseDefines
    - JobsSwiftCountryCodeCtrl
    - JobsSwiftDSL
    - JobsSwiftGraphicCaptcha
    - SnapKit
  - JobsAppDoor/Core (1.0.0):
    - JobsByUIKit
    - JobsCountdownButton
    - JobsInheritance
    - JobsSwiftBaseDefines
    - JobsSwiftCountryCodeCtrl
    - JobsSwiftDSL
    - JobsSwiftGraphicCaptcha
    - SnapKit
  - JobsAppDoor/Resource (1.0.0):
    - JobsByUIKit
    - JobsCountdownButton
    - JobsInheritance
    - JobsSwiftBaseDefines
    - JobsSwiftCountryCodeCtrl
    - JobsSwiftDSL
    - JobsSwiftGraphicCaptcha
    - SnapKit
  - JobsAppIconRibbon (1.0.0)
  - JobsAudioRecorder (0.1.0):
    - JobsFuseAnimation
    - JobsSwiftBaseDefines
    - JobsSwiftTimer
  - JobsBluetooth (1.0.0)
  - JobsBy3rdTools (0.0.1):
    - BMPlayer
    - GKNavigationBarSwift
    - JobsByUIKit
    - JobsInheritance
    - JobsScale
    - JobsSwiftBaseDefines
    - JobsSwiftBaseTools
    - JobsSwiftDSL
    - JobsSwiftMetalKit
    - JobsSwiftStandardLibrary
    - JobsSwiftTools
    - JobsTextTools
    - JXSegmentedView
    - Kingfisher
    - MJRefresh
    - SDWebImage
    - SnapKit
    - SwiftEntryKit
    - YTKNetwork
  - JobsByPDFKit (0.0.1):
    - JobsSwiftDSL
  - JobsByPhotosUI (0.0.1):
    - JobsSwiftDSL
  - JobsByQuartzCore (0.0.1):
    - JobsSwiftBaseDefines
    - JobsSwiftBlock
    - JobsSwiftDSL
  - JobsByUIKit (0.0.1):
    - ESPullToRefresh
    - GKNavigationBarSwift
    - JobsByQuartzCore
    - JobsImageTools
    - Jobsl10n
    - JobsNavBar
    - JobsScale
    - JobsSwiftBaseDefines
    - JobsSwiftBlock
    - JobsSwiftDSL
    - JobsSwiftTimer
    - JobsTextTools
    - JobsViewPush
    - Kingfisher
    - lottie-ios
    - "NSObject+Rx"
    - RxCocoa
    - RxRelay
    - RxSwift
    - SkeletonView
    - SnapKit
    - SVGKit
  - JobsByWebKit (0.0.1):
    - JobsByUIKit
    - JobsSwiftDSL
  - JobsCountdownButton (0.0.1):
    - JobsByUIKit
    - JobsSwiftBaseDefines
    - JobsSwiftDSL
    - JobsSwiftTimer
  - JobsCryptoKit (0.0.1)
  - JobsEmptyView (0.0.1):
    - JobsByUIKit
    - JobsSwiftBaseDefines
    - JobsSwiftBlock
    - JobsSwiftDSL
    - SnapKit
  - JobsFuseAnimation (0.2.0):
    - JobsByUIKit
    - JobsSwiftBaseDefines
    - JobsSwiftDSL
    - JobsSwiftTimer
    - lottie-ios
    - SnapKit
  - JobsGestureUnlock (0.0.1):
    - JobsByUIKit
    - JobsSwiftBaseDefines
    - JobsSwiftBlock
    - JobsSwiftDSL
    - SnapKit
  - JobsGetWindow (0.1.14)
  - JobsIconfont (1.0.0):
    - JobsImageTools
  - JobsImageRotation (1.0.0):
    - JobsSwiftTimer
  - JobsImageTools (0.1.14):
    - JobsSwiftBaseDefines
    - JobsSwiftBlock
    - JobsSwiftDSL
    - Kingfisher
    - SDWebImage
  - JobsInheritance (0.0.1):
    - GKNavigationBarSwift
    - JobsByUIKit
    - JobsByWebKit
    - JobsNavBar
    - JobsSwiftBaseDefines
    - JobsSwiftBlock
    - JobsSwiftDebugTools
    - JobsSwiftDSL
    - JobsSwiftFoundation
    - JobsSwiftStandardLibrary
    - JobsToast
    - SnapKit
  - Jobsl10n (0.1.14)
  - JobsLocalNotification (0.0.1):
    - JobsByUIKit
    - JobsSwiftTools
  - JobsLuckyEnvelopeRain (0.0.1):
    - JobsByUIKit
    - JobsSwiftBaseDefines
    - JobsSwiftDSL
    - JobsSwiftTimer
    - SnapKit
  - JobsMarqueeView (0.0.1):
    - JobsByUIKit
    - JobsSwiftBaseDefines
    - JobsSwiftDSL
    - JobsSwiftTimer
    - Kingfisher
    - SDWebImage
  - JobsNavBar (0.1.14):
    - JobsSwiftBaseDefines
    - JobsSwiftBlock
    - JobsSwiftDSL
    - SnapKit
    - SwiftMessages
  - JobsNetworking/AF5 (1.0.1):
    - JobsNetworking/Core
  - JobsNetworking/Async (1.0.1):
    - JobsNetworking/Core
  - JobsNetworking/Core (1.0.1):
    - Alamofire (~> 5.9)
  - JobsProgressBar (0.1.14):
    - JobsByUIKit
    - JobsSwiftBaseDefines
    - JobsSwiftDSL
    - JobsSwiftTimer
    - SnapKit
  - JobsScale (0.1.14):
    - JobsGetWindow
  - JobsScreenCapture (1.0.0):
    - SnapKit
  - JobsSwiftAppTools (0.0.1):
    - JobsBy3rdTools
    - JobsByUIKit
    - JobsInheritance
    - JobsScale
    - JobsSwiftBaseDefines
    - JobsSwiftBaseTools
    - JobsSwiftBlock
    - JobsSwiftDSL
    - JobsSwiftTools
    - JobsTextTools
    - SnapKit
    - SwiftEntryKit
  - JobsSwiftBaseDefines (0.1.6):
    - JobsSwiftBlock
    - JobsTextTools
  - JobsSwiftBaseTools (0.1.14):
    - Alamofire
    - JobsByUIKit
    - JobsSwiftBaseDefines
    - JobsSwiftBaseTools/JobsSwiftTimer (= 0.1.14)
    - "JobsSwiftBaseTools/🛜网络流量监控 (= 0.1.14)"
    - JobsSwiftBlock
    - JobsSwiftDSL
    - "NSObject+Rx"
    - RxCocoa
    - RxSwift
    - SnapKit
  - JobsSwiftBaseTools/JobsSwiftTimer (0.1.14):
    - Alamofire
    - JobsByUIKit
    - JobsSwiftBaseDefines
    - JobsSwiftBlock
    - JobsSwiftDSL
    - "NSObject+Rx"
    - RxCocoa
    - RxSwift
    - SnapKit
  - "JobsSwiftBaseTools/🛜网络流量监控 (0.1.14)":
    - Alamofire
    - JobsByUIKit
    - JobsSwiftBaseDefines
    - JobsSwiftBlock
    - JobsSwiftDSL
    - "NSObject+Rx"
    - RxCocoa
    - RxSwift
    - SnapKit
  - JobsSwiftBlock (0.1.0):
    - Kingfisher
    - Moya
    - SnapKit
    - YTKNetwork
  - JobsSwiftCalendar (0.0.1):
    - JobsSwiftBaseDefines
    - JobsSwiftDSL
  - JobsSwiftComment (0.0.1):
    - JobsByUIKit
    - JobsSwiftBaseDefines
    - JobsSwiftDSL
    - SnapKit
  - JobsSwiftCountryCodeCtrl (0.0.1):
    - JobsByUIKit
    - Jobsl10n
    - JobsSwiftBaseDefines
    - JobsSwiftDSL
    - SnapKit
  - JobsSwiftDebugTools (0.0.1):
    - JobsByUIKit
    - JobsSwiftBaseDefines
    - JobsToast
  - JobsSwiftDSL (0.1.0):
    - AFNetworking
    - BMPlayer
    - GKNavigationBarSwift
    - JobsSwiftBaseDefines
    - JobsSwiftBlock
    - JobsTextTools
    - RxCocoa
    - RxSwift
    - SnapKit
    - YTKNetwork
  - JobsSwiftExcel (1.0.0):
    - JobsByUIKit
    - JobsSwiftBaseDefines
    - JobsSwiftDSL
    - JobsSwiftUILabelScrolling
    - SnapKit
  - JobsSwiftFoundation (0.1.1):
    - JobsByUIKit
    - JobsSwiftDSL
  - JobsSwiftGraphicCaptcha (1.0.0):
    - JobsSwiftBaseDefines
    - JobsSwiftDSL
  - JobsSwiftLinkageMenuView (0.0.1):
    - JobsSwiftBaseDefines
    - JobsSwiftDSL
  - JobsSwiftMarkdown (1.0.0):
    - JobsSwiftBaseDefines
    - JobsSwiftDSL
    - SnapKit
  - JobsSwiftMetalKit (0.1.0):
    - JobsSwiftDSL
  - JobsSwiftNumberStepper (1.0.0):
    - JobsByUIKit
    - JobsSwiftBaseDefines
    - JobsSwiftDSL
    - SnapKit
  - JobsSwiftOpen (0.0.1):
    - GKNavigationBarSwift
    - JobsByUIKit
    - JobsInheritance
    - SnapKit
  - JobsSwiftPatch (0.0.1)
  - JobsSwiftRefresher (0.0.1):
    - JobsSwiftRefresher/Core (= 0.0.1)
  - JobsSwiftRefresher/Core (0.0.1):
    - JobsByUIKit
    - JobsFuseAnimation
    - JobsSwiftBaseDefines
    - JobsSwiftBlock
    - JobsSwiftDSL
    - SnapKit
  - JobsSwiftRefresher/Lottie (0.0.1):
    - JobsSwiftRefresher/Core
    - lottie-ios
  - JobsSwiftRefresher/SDWebImage (0.0.1):
    - JobsSwiftRefresher/Core
    - SDWebImage
  - JobsSwiftSearcher (0.0.1):
    - JobsByUIKit
    - Jobsl10n
    - JobsSwiftBaseDefines
    - JobsSwiftDSL
    - SnapKit
  - JobsSwiftSplash (0.0.1):
    - JobsByUIKit
    - JobsCountdownButton
    - JobsInheritance
    - JobsSwiftBaseDefines
    - JobsSwiftDSL
    - JobsSwiftOpen
    - SnapKit
  - JobsSwiftStandardLibrary (0.0.1):
    - JobsSwiftBaseDefines
  - JobsSwiftTaskCenter (0.0.1):
    - JobsSwiftTimer
  - JobsSwiftTimer (0.1.0)
  - JobsSwiftTimerMgr (0.1.0):
    - JobsSwiftTimer
  - JobsSwiftTools (0.1.1):
    - Flutter
    - FlutterPluginRegistrant
    - JobsByPhotosUI
    - JobsByUIKit
    - JobsSwiftBaseDefines
    - JobsSwiftBlock
    - JobsSwiftDSL
    - JobsToast
  - JobsSwiftUILabelScrolling (1.0.0):
    - JobsSwiftDSL
    - JobsSwiftTimer
  - JobsSwiftWebSocket (1.0.0)
  - JobsSwiftWorker (0.1.0):
    - JobsByUIKit
    - Jobsl10n
    - JobsSwiftBaseDefines
    - JobsSwiftRefresher
    - JobsSwiftTaskCenter
    - JobsSwiftTimer
    - SnapKit
  - JobsTextTools (0.1.14)
  - JobsToast (0.1.14):
    - JobsByUIKit
    - JobsSwiftBaseDefines
    - JobsSwiftBlock
    - JobsSwiftDSL
    - SnapKit
  - JobsViewPush (0.0.1):
    - JobsSwiftBaseDefines
    - JobsSwiftDSL
  - JobsWalletCard (1.0.0):
    - JobsByUIKit
    - JobsSwiftBaseDefines
    - JobsSwiftDSL
    - SnapKit
  - JXBanner (0.3.6):
    - JXBanner/Banner (= 0.3.6)
    - JXBanner/PageControl (= 0.3.6)
  - JXBanner/Banner (0.3.6):
    - JXBanner/Banner/API (= 0.3.6)
    - JXBanner/Banner/Banner (= 0.3.6)
    - JXBanner/Banner/Cell (= 0.3.6)
    - JXBanner/Banner/Common (= 0.3.6)
    - JXBanner/Banner/Transform (= 0.3.6)
  - JXBanner/Banner/API (0.3.6):
    - JXBanner/Banner/Cell
    - JXBanner/PageControl
  - JXBanner/Banner/Banner (0.3.6):
    - JXBanner/Banner/API
    - JXBanner/Banner/Common
    - JXBanner/Banner/Transform
  - JXBanner/Banner/Cell (0.3.6)
  - JXBanner/Banner/Common (0.3.6)
  - JXBanner/Banner/Transform (0.3.6):
    - JXBanner/Banner/API
  - JXBanner/PageControl (0.3.6):
    - JXPageControl
  - JXPageControl (0.1.5):
    - JXPageControl/Common (= 0.1.5)
    - JXPageControl/Jump (= 0.1.5)
    - JXPageControl/Transform (= 0.1.5)
  - JXPageControl/Common (0.1.5)
  - JXPageControl/Jump (0.1.5):
    - JXPageControl/Common
  - JXPageControl/Transform (0.1.5):
    - JXPageControl/Common
  - JXSegmentedView (1.4.1)
  - KakaJSON (1.1.2)
  - KeychainAccess (4.2.2)
  - Kingfisher (8.6.2)
  - KRPresentationKit (0.13.0):
    - KRTimingFunction (~> 1.0.0)
  - KRTimingFunction (1.0.0)
  - libwebp (1.5.0):
    - libwebp/demux (= 1.5.0)
    - libwebp/mux (= 1.5.0)
    - libwebp/sharpyuv (= 1.5.0)
    - libwebp/webp (= 1.5.0)
  - libwebp/demux (1.5.0):
    - libwebp/webp
  - libwebp/mux (1.5.0):
    - libwebp/demux
  - libwebp/sharpyuv (1.5.0)
  - libwebp/webp (1.5.0):
    - libwebp/sharpyuv
  - LiveChat (2.0.26)
  - Logboard (2.5.0)
  - LookinServer/Core (1.2.8)
  - LookinServer/Swift (1.2.8):
    - LookinServer/Core
  - lottie-ios (4.6.0)
  - LunarSwift (1.1.8)
  - MJRefresh (3.7.9)
  - Moya (15.0.0):
    - Moya/Core (= 15.0.0)
  - Moya/Core (15.0.0):
    - Alamofire (~> 5.0)
  - "NSObject+Rx (5.2.2)":
    - RxSwift (~> 6.2)
  - NVActivityIndicatorView (4.7.0):
    - NVActivityIndicatorView/Presenter (= 4.7.0)
  - NVActivityIndicatorView/Presenter (4.7.0)
  - ObjectBox (5.2.0)
  - PhoneNumberKit (4.2.3):
    - PhoneNumberKit/PhoneNumberKitCore (= 4.2.3)
    - PhoneNumberKit/UIKit (= 4.2.3)
  - PhoneNumberKit/PhoneNumberKitCore (4.2.3)
  - PhoneNumberKit/UIKit (4.2.3):
    - PhoneNumberKit/PhoneNumberKitCore
  - Plan (0.2.1)
  - PromiseKit (8.2.0):
    - PromiseKit/CorePromise (= 8.2.0)
    - PromiseKit/Foundation (= 8.2.0)
    - PromiseKit/UIKit (= 8.2.0)
  - PromiseKit/CorePromise (8.2.0)
  - PromiseKit/Foundation (8.2.0):
    - PromiseKit/CorePromise
  - PromiseKit/UIKit (8.2.0):
    - PromiseKit/CorePromise
  - ReactiveSwift (7.2.1)
  - RxCocoa (6.9.0):
    - RxRelay (= 6.9.0)
    - RxSwift (= 6.9.0)
  - RxDataSources (5.0.0):
    - Differentiator (~> 5.0)
    - RxCocoa (~> 6.0)
    - RxSwift (~> 6.0)
  - RxRelay (6.9.0):
    - RxSwift (= 6.9.0)
  - RxSwift (6.9.0)
  - ScreenProtectorKit (1.4.5)
  - SDWebImage (5.21.5):
    - SDWebImage/Core (= 5.21.5)
  - SDWebImage/Core (5.21.5)
  - SDWebImageWebPCoder (0.15.0):
    - libwebp (~> 1.0)
    - SDWebImage/Core (~> 5.17)
  - SkeletonView (1.30.4)
  - SnapKit (5.0.1)
  - SVGKit (3.0.0):
    - CocoaLumberjack (~> 3.0)
  - swift-collections (1.1.1):
    - swift-collections/BitCollections (= 1.1.1)
    - swift-collections/DequeModule (= 1.1.1)
    - swift-collections/HashTreeCollections (= 1.1.1)
    - swift-collections/HeapModule (= 1.1.1)
    - swift-collections/OrderedCollections (= 1.1.1)
  - swift-collections/BitCollections (1.1.1):
    - InternalCollectionsUtilities (= 1.1.1)
  - swift-collections/DequeModule (1.1.1):
    - InternalCollectionsUtilities (= 1.1.1)
  - swift-collections/HashTreeCollections (1.1.1):
    - InternalCollectionsUtilities (= 1.1.1)
  - swift-collections/HeapModule (1.1.1):
    - InternalCollectionsUtilities (= 1.1.1)
  - swift-collections/OrderedCollections (1.1.1):
    - InternalCollectionsUtilities (= 1.1.1)
  - SwiftEntryKit (2.0.0)
  - SwiftMessages (10.0.2):
    - SwiftMessages/App (= 10.0.2)
  - SwiftMessages/App (10.0.2)
  - SwiftProtobuf (1.33.3)
  - Texture/Core (3.2.0)
  - TextureSwiftSupport (3.19.0):
    - TextureSwiftSupport/Components (= 3.19.0)
    - TextureSwiftSupport/Experiments (= 3.19.0)
    - TextureSwiftSupport/Extensions (= 3.19.0)
    - TextureSwiftSupport/LayoutSpecBuilders (= 3.19.0)
  - TextureSwiftSupport/Components (3.19.0):
    - Descriptors (>= 0.2.1)
    - Texture/Core
    - TextureSwiftSupport/LayoutSpecBuilders
  - TextureSwiftSupport/Experiments (3.19.0):
    - Texture/Core
  - TextureSwiftSupport/Extensions (3.19.0):
    - Texture/Core
  - TextureSwiftSupport/LayoutSpecBuilders (3.19.0):
    - Texture/Core
  - Then (3.0.0)
  - WCDB (2.1.16):
    - WCDBOptimizedSQLCipher (= 1.4.8)
  - WCDBOptimizedSQLCipher (1.4.8)
  - XMLCoder (0.11.1)
  - YTKNetwork (3.0.6):
    - AFNetworking/NSURLSession (~> 4.0)
  - ZIPFoundation (0.9.20)

DEPENDENCIES:
  - Alamofire (~> 5.9)
  - AMPopTip
  - BMPlayer
  - "BRPickerViewSwift (from `JobsByPods/BRPickerViewSwift@Pods`)"
  - Cache (from `https://github.com/hyperoslo/Cache.git`)
  - CocoaLumberjack/Swift
  - CoreXLSX
  - DeviceKit
  - ESPullToRefresh
  - FingerprintJS
  - Flutter (from `my_flutter/.ios/Flutter`)
  - FlutterPluginRegistrant (from `my_flutter/.ios/Flutter/FlutterPluginRegistrant`)
  - FSPopoverView
  - GKNavigationBarSwift
  - GKPhotoBrowser
  - HaishinKit
  - HTMLReader
  - IQKeyboardManagerSwift
  - "JobsAppDoor (from `JobsByPods/JobsAppDoor@Pods`)"
  - "JobsAppIconRibbon (from `JobsByPods/JobsAppIconRibbon@Pods`)"
  - "JobsAudioRecorder (from `JobsByPods/JobsAudioRecorder@Pods`)"
  - "JobsBluetooth (from `JobsByPods/JobsBluetooth@Pods`)"
  - "JobsBy3rdTools (from `JobsByPods/JobsBy3rdTools@Pods`)"
  - "JobsByPDFKit (from `JobsByPods/JobsByPDFKit@Pods`)"
  - "JobsByPhotosUI (from `JobsByPods/JobsByPhotosUI@Pods`)"
  - "JobsByQuartzCore (from `JobsByPods/JobsByQuartzCore@Pods`)"
  - "JobsByUIKit (from `JobsByPods/JobsByUIKit@Pods`)"
  - "JobsByWebKit (from `JobsByPods/JobsByWebKit@Pods`)"
  - "JobsCountdownButton (from `JobsByPods/JobsCountdownButton@Pods`)"
  - "JobsCryptoKit (from `JobsByPods/JobsCryptoKit@Pods`)"
  - "JobsEmptyView (from `JobsByPods/JobsEmptyView@Pods`)"
  - "JobsFuseAnimation (from `JobsByPods/JobsFuseAnimation@Pods`)"
  - "JobsGestureUnlock (from `JobsByPods/JobsGestureUnlock@Pods`)"
  - "JobsGetWindow (from `JobsByPods/JobsGetWindow@Pods`)"
  - "JobsIconfont (from `JobsByPods/JobsIconfont@Pods`)"
  - "JobsImageRotation (from `JobsByPods/JobsImageRotation@Pods`)"
  - "JobsImageTools (from `JobsByPods/JobsImageTools@Pods`)"
  - "JobsInheritance (from `JobsByPods/JobsInheritance@Pods`)"
  - "Jobsl10n (from `JobsByPods/Jobsl10n@Pods`)"
  - "JobsLocalNotification (from `JobsByPods/JobsLocalNotification@Pods`)"
  - "JobsLuckyEnvelopeRain (from `JobsByPods/JobsLuckyEnvelopeRain@Pods`)"
  - "JobsMarqueeView (from `JobsByPods/JobsMarqueeView@Pods`)"
  - "JobsNavBar (from `JobsByPods/JobsNavBar@Pods`)"
  - "JobsNetworking/AF5 (from `JobsByPods/JobsNetworking@Pods`)"
  - "JobsNetworking/Async (from `JobsByPods/JobsNetworking@Pods`)"
  - "JobsProgressBar (from `JobsByPods/JobsProgressBar@Pods`)"
  - "JobsScale (from `JobsByPods/JobsScale@Pods`)"
  - "JobsScreenCapture (from `JobsByPods/JobsScreenCapture@Pods`)"
  - "JobsSwiftAppTools (from `JobsByPods/JobsSwiftAppTools@Pods`)"
  - "JobsSwiftBaseDefines (from `JobsByPods/JobsSwiftBaseDefines@Pods`)"
  - "JobsSwiftBaseTools (from `JobsByPods/JobsSwiftBaseTools@Pods`)"
  - "JobsSwiftBlock (from `JobsByPods/JobsSwiftBlock@Pods`)"
  - "JobsSwiftCalendar (from `JobsByPods/JobsSwiftCalendar@Pods`)"
  - "JobsSwiftComment (from `JobsByPods/JobsSwiftComment@Pods`)"
  - "JobsSwiftCountryCodeCtrl (from `JobsByPods/JobsSwiftCountryCodeCtrl@Pods`)"
  - "JobsSwiftDebugTools (from `JobsByPods/JobsSwiftDebugTools@Pods`)"
  - "JobsSwiftDSL (from `JobsByPods/JobsSwiftDSL@Pods`)"
  - "JobsSwiftExcel (from `JobsByPods/JobsSwiftExcel@Pods`)"
  - "JobsSwiftFoundation (from `JobsByPods/JobsSwiftFoundation@Pods`)"
  - "JobsSwiftGraphicCaptcha (from `JobsByPods/JobsSwiftGraphicCaptcha@Pods`)"
  - "JobsSwiftLinkageMenuView (from `JobsByPods/JobsSwiftLinkageMenuView@Pods`)"
  - "JobsSwiftMarkdown (from `JobsByPods/JobsSwiftMarkdown@Pods`)"
  - "JobsSwiftMetalKit (from `JobsByPods/MetalKit@Pods`)"
  - "JobsSwiftNumberStepper (from `JobsByPods/JobsSwiftNumberStepper@Pods`)"
  - "JobsSwiftOpen (from `JobsByPods/JobsSwiftOpen@Pods`)"
  - "JobsSwiftPatch (from `JobsByPods/JobsSwiftPatch@Pods`)"
  - "JobsSwiftRefresher/Lottie (from `JobsByPods/JobsSwiftRefresher@Pods`)"
  - "JobsSwiftRefresher/SDWebImage (from `JobsByPods/JobsSwiftRefresher@Pods`)"
  - "JobsSwiftSearcher (from `JobsByPods/JobsSwiftSearcher@Pods`)"
  - "JobsSwiftSplash (from `JobsByPods/JobsSwiftSplash@Pods`)"
  - "JobsSwiftStandardLibrary (from `JobsByPods/JobsSwiftStandardLibrary@Pods`)"
  - "JobsSwiftTaskCenter (from `JobsByPods/JobsSwiftTaskCenter@Pods`)"
  - "JobsSwiftTimer (from `JobsByPods/JobsSwiftTimer@Pods`)"
  - "JobsSwiftTimerMgr (from `JobsByPods/JobsSwiftTimerMgr@Pods`)"
  - "JobsSwiftTools (from `JobsByPods/JobsSwiftTools@Pods`)"
  - "JobsSwiftUILabelScrolling (from `JobsByPods/JobsSwiftUILabelScrolling@Pods`)"
  - "JobsSwiftWebSocket (from `JobsByPods/JobsSwiftWebSocket@Pods`)"
  - "JobsSwiftWorker (from `JobsByPods/JobsSwiftWorker@Pods`)"
  - "JobsTextTools (from `JobsByPods/JobsTextTools@Pods`)"
  - "JobsToast (from `JobsByPods/JobsToast@Pods`)"
  - "JobsViewPush (from `JobsByPods/JobsViewPush@Pods`)"
  - "JobsWalletCard (from `JobsByPods/JobsWalletCard@Pods`)"
  - JXBanner
  - JXSegmentedView
  - KakaJSON
  - KeychainAccess
  - Kingfisher
  - KRPresentationKit
  - KRTimingFunction
  - LiveChat
  - LookinServer/Swift
  - lottie-ios
  - LunarSwift
  - MJRefresh
  - Moya
  - "NSObject+Rx"
  - ObjectBox
  - PhoneNumberKit
  - Plan
  - PromiseKit
  - ReactiveSwift
  - RxCocoa
  - RxDataSources
  - RxRelay
  - RxSwift
  - ScreenProtectorKit
  - SDWebImage
  - SDWebImageWebPCoder
  - SkeletonView
  - SnapKit
  - SVGKit
  - swift-collections
  - SwiftEntryKit
  - SwiftMessages
  - SwiftProtobuf
  - "Texture/Core (from `JobsByPods/ManualBySwiftPods@Pods/Texture`)"
  - "TextureSwiftSupport (from `JobsByPods/ManualBySwiftPods@Pods/TextureSwiftSupport`)"
  - Then
  - WCDB (= 2.1.16)
  - YTKNetwork

SPEC REPOS:
  https://github.com/CocoaPods/Specs.git:
    - AFNetworking
    - Alamofire
    - AMPopTip
    - BMPlayer
    - CocoaLumberjack
    - CoreXLSX
    - Descriptors
    - DeviceKit
    - Differentiator
    - ESPullToRefresh
    - FingerprintJS
    - FSPopoverView
    - GKLivePhotoManager
    - GKNavigationBarSwift
    - GKPhotoBrowser
    - GKSliderView
    - HaishinKit
    - HTMLReader
    - InternalCollectionsUtilities
    - IQKeyboardCore
    - IQKeyboardManagerSwift
    - IQKeyboardNotification
    - IQKeyboardReturnManager
    - IQKeyboardToolbar
    - IQKeyboardToolbarManager
    - IQTextInputViewNotification
    - IQTextView
    - JXBanner
    - JXPageControl
    - JXSegmentedView
    - KakaJSON
    - KeychainAccess
    - Kingfisher
    - KRPresentationKit
    - KRTimingFunction
    - libwebp
    - LiveChat
    - Logboard
    - LookinServer
    - lottie-ios
    - LunarSwift
    - MJRefresh
    - Moya
    - "NSObject+Rx"
    - NVActivityIndicatorView
    - ObjectBox
    - PhoneNumberKit
    - Plan
    - PromiseKit
    - ReactiveSwift
    - RxCocoa
    - RxDataSources
    - RxRelay
    - RxSwift
    - ScreenProtectorKit
    - SDWebImage
    - SDWebImageWebPCoder
    - SkeletonView
    - SnapKit
    - SVGKit
    - swift-collections
    - SwiftEntryKit
    - SwiftMessages
    - SwiftProtobuf
    - Then
    - WCDB
    - WCDBOptimizedSQLCipher
    - XMLCoder
    - YTKNetwork
    - ZIPFoundation

EXTERNAL SOURCES:
  BRPickerViewSwift:
    :path: "JobsByPods/BRPickerViewSwift@Pods"
  Cache:
    :git: https://github.com/hyperoslo/Cache.git
  Flutter:
    :path: my_flutter/.ios/Flutter
  FlutterPluginRegistrant:
    :path: my_flutter/.ios/Flutter/FlutterPluginRegistrant
  JobsAppDoor:
    :path: "JobsByPods/JobsAppDoor@Pods"
  JobsAppIconRibbon:
    :path: "JobsByPods/JobsAppIconRibbon@Pods"
  JobsAudioRecorder:
    :path: "JobsByPods/JobsAudioRecorder@Pods"
  JobsBluetooth:
    :path: "JobsByPods/JobsBluetooth@Pods"
  JobsBy3rdTools:
    :path: "JobsByPods/JobsBy3rdTools@Pods"
  JobsByPDFKit:
    :path: "JobsByPods/JobsByPDFKit@Pods"
  JobsByPhotosUI:
    :path: "JobsByPods/JobsByPhotosUI@Pods"
  JobsByQuartzCore:
    :path: "JobsByPods/JobsByQuartzCore@Pods"
  JobsByUIKit:
    :path: "JobsByPods/JobsByUIKit@Pods"
  JobsByWebKit:
    :path: "JobsByPods/JobsByWebKit@Pods"
  JobsCountdownButton:
    :path: "JobsByPods/JobsCountdownButton@Pods"
  JobsCryptoKit:
    :path: "JobsByPods/JobsCryptoKit@Pods"
  JobsEmptyView:
    :path: "JobsByPods/JobsEmptyView@Pods"
  JobsFuseAnimation:
    :path: "JobsByPods/JobsFuseAnimation@Pods"
  JobsGestureUnlock:
    :path: "JobsByPods/JobsGestureUnlock@Pods"
  JobsGetWindow:
    :path: "JobsByPods/JobsGetWindow@Pods"
  JobsIconfont:
    :path: "JobsByPods/JobsIconfont@Pods"
  JobsImageRotation:
    :path: "JobsByPods/JobsImageRotation@Pods"
  JobsImageTools:
    :path: "JobsByPods/JobsImageTools@Pods"
  JobsInheritance:
    :path: "JobsByPods/JobsInheritance@Pods"
  Jobsl10n:
    :path: "JobsByPods/Jobsl10n@Pods"
  JobsLocalNotification:
    :path: "JobsByPods/JobsLocalNotification@Pods"
  JobsLuckyEnvelopeRain:
    :path: "JobsByPods/JobsLuckyEnvelopeRain@Pods"
  JobsMarqueeView:
    :path: "JobsByPods/JobsMarqueeView@Pods"
  JobsNavBar:
    :path: "JobsByPods/JobsNavBar@Pods"
  JobsNetworking:
    :path: "JobsByPods/JobsNetworking@Pods"
  JobsProgressBar:
    :path: "JobsByPods/JobsProgressBar@Pods"
  JobsScale:
    :path: "JobsByPods/JobsScale@Pods"
  JobsScreenCapture:
    :path: "JobsByPods/JobsScreenCapture@Pods"
  JobsSwiftAppTools:
    :path: "JobsByPods/JobsSwiftAppTools@Pods"
  JobsSwiftBaseDefines:
    :path: "JobsByPods/JobsSwiftBaseDefines@Pods"
  JobsSwiftBaseTools:
    :path: "JobsByPods/JobsSwiftBaseTools@Pods"
  JobsSwiftBlock:
    :path: "JobsByPods/JobsSwiftBlock@Pods"
  JobsSwiftCalendar:
    :path: "JobsByPods/JobsSwiftCalendar@Pods"
  JobsSwiftComment:
    :path: "JobsByPods/JobsSwiftComment@Pods"
  JobsSwiftCountryCodeCtrl:
    :path: "JobsByPods/JobsSwiftCountryCodeCtrl@Pods"
  JobsSwiftDebugTools:
    :path: "JobsByPods/JobsSwiftDebugTools@Pods"
  JobsSwiftDSL:
    :path: "JobsByPods/JobsSwiftDSL@Pods"
  JobsSwiftExcel:
    :path: "JobsByPods/JobsSwiftExcel@Pods"
  JobsSwiftFoundation:
    :path: "JobsByPods/JobsSwiftFoundation@Pods"
  JobsSwiftGraphicCaptcha:
    :path: "JobsByPods/JobsSwiftGraphicCaptcha@Pods"
  JobsSwiftLinkageMenuView:
    :path: "JobsByPods/JobsSwiftLinkageMenuView@Pods"
  JobsSwiftMarkdown:
    :path: "JobsByPods/JobsSwiftMarkdown@Pods"
  JobsSwiftMetalKit:
    :path: "JobsByPods/MetalKit@Pods"
  JobsSwiftNumberStepper:
    :path: "JobsByPods/JobsSwiftNumberStepper@Pods"
  JobsSwiftOpen:
    :path: "JobsByPods/JobsSwiftOpen@Pods"
  JobsSwiftPatch:
    :path: "JobsByPods/JobsSwiftPatch@Pods"
  JobsSwiftRefresher:
    :path: "JobsByPods/JobsSwiftRefresher@Pods"
  JobsSwiftSearcher:
    :path: "JobsByPods/JobsSwiftSearcher@Pods"
  JobsSwiftSplash:
    :path: "JobsByPods/JobsSwiftSplash@Pods"
  JobsSwiftStandardLibrary:
    :path: "JobsByPods/JobsSwiftStandardLibrary@Pods"
  JobsSwiftTaskCenter:
    :path: "JobsByPods/JobsSwiftTaskCenter@Pods"
  JobsSwiftTimer:
    :path: "JobsByPods/JobsSwiftTimer@Pods"
  JobsSwiftTimerMgr:
    :path: "JobsByPods/JobsSwiftTimerMgr@Pods"
  JobsSwiftTools:
    :path: "JobsByPods/JobsSwiftTools@Pods"
  JobsSwiftUILabelScrolling:
    :path: "JobsByPods/JobsSwiftUILabelScrolling@Pods"
  JobsSwiftWebSocket:
    :path: "JobsByPods/JobsSwiftWebSocket@Pods"
  JobsSwiftWorker:
    :path: "JobsByPods/JobsSwiftWorker@Pods"
  JobsTextTools:
    :path: "JobsByPods/JobsTextTools@Pods"
  JobsToast:
    :path: "JobsByPods/JobsToast@Pods"
  JobsViewPush:
    :path: "JobsByPods/JobsViewPush@Pods"
  JobsWalletCard:
    :path: "JobsByPods/JobsWalletCard@Pods"
  Texture:
    :path: "JobsByPods/ManualBySwiftPods@Pods/Texture"
  TextureSwiftSupport:
    :path: "JobsByPods/ManualBySwiftPods@Pods/TextureSwiftSupport"

CHECKOUT OPTIONS:
  Cache:
    :commit: 86165db6a184874611c532a7422511270b2f549a
    :git: https://github.com/hyperoslo/Cache.git

SPEC CHECKSUMS:
  AFNetworking: 3bd23d814e976cd148d7d44c3ab78017b744cd58
  Alamofire: bd5e7b23a1a750975288482c1831d71e74415f86
  AMPopTip: cf89d8690aa6e59ddc86bf46c0ccabb3e7d148a1
  BMPlayer: e4b241bd088644d7b89d991a1a65d1b1615d19b3
  BRPickerViewSwift: 754a1043e981aaeff302fcba986ce76c5c8b99fb
  Cache: 11fe825910b467bf12931fc12624a2f380b3e09b
  CocoaLumberjack: 5644158777912b7de7469fa881f8a3f259c2512a
  CoreXLSX: f9a7a70b509150ceb675b05877b7ac041a587030
  Descriptors: 44f9f316368c2815048b1062e0be49be59c1c696
  DeviceKit: d1a956e25b957efb60a87bfe70be4e00ef36846d
  Differentiator: e8497ceab83c1b10ca233716d547b9af21b9344d
  ESPullToRefresh: 0d68daa602b343c81753a1b95e09fd0bfcddfd40
  FingerprintJS: 3a0c3e7f5035ecae199e5e5836200d9b20f1266a
  Flutter: cabc95a1d2626b1b06e7179b784ebcf0c0cde467
  FlutterPluginRegistrant: 1bf2b93dcc6a731089dfe77f7a867be153c5008f
  FSPopoverView: 632d6e3dcd1ba41f941e81a5a0601e51003d01c3
  GKLivePhotoManager: 7fba1ae3eebbbd9323320e137a88a231bc5af5fa
  GKNavigationBarSwift: a7815e2f2b25a3f19b6f6baa49e47a39aa1b2ebd
  GKPhotoBrowser: 5df74bd87613896269fe4ba1244c32e1b4a0c824
  GKSliderView: 7c6f853afeb0ae370bb8dce76ec669d6e9109d1d
  HaishinKit: add48c1321b98351e38498fe869efee230c92d05
  HTMLReader: 1839a8505df3fb7a833e767759a799ce8e210de1
  InternalCollectionsUtilities: af3f471602c4a67cbcb0bee0a80f6f55a33ae453
  IQKeyboardCore: 8652977ec919cf5351aa2977fedd1a6546476fbc
  IQKeyboardManagerSwift: 835fc9c6e4732398113406d84900ad2e8f141218
  IQKeyboardNotification: eb4910401f5a0e68f97e71c62f8a0c5b7e9d535c
  IQKeyboardReturnManager: fcbf51fc68d7536fc1fbcca5231c4e82576b12ac
  IQKeyboardToolbar: 9fe900f8e7def414be4025af0ca098df764d4fe3
  IQKeyboardToolbarManager: d449479b5843d4a3fb902d03bf62d6ca031ac20e
  IQTextInputViewNotification: 3b9fb27a16e7ee8958cc9092cfb07a1a9e1fd559
  IQTextView: ae13b4922f22e6f027f62c557d9f4f236b19d5c7
  JobsAppDoor: 4a68b05d38061f96d28dc0568dca1a4b44e97579
  JobsAppIconRibbon: ffa1614f80e480efc6d1f76749a1c938b0f638c9
  JobsAudioRecorder: adcdf7276725a168cf33a85ccec38f4b66e2185f
  JobsBluetooth: c4a3493d91388d005f41994441fbe42228bee202
  JobsBy3rdTools: 6ec5c901d29cc06770a1a733e4ff3e8d1ab39893
  JobsByPDFKit: 26daf711a18d487431bd2f9ca5cbf8cc38195ca4
  JobsByPhotosUI: 0719a40d8a729999e856d845df0013c4222c968f
  JobsByQuartzCore: 983447f27427f3db5c757d3138be9ec3a880512a
  JobsByUIKit: 07b4700e0d290d8bc190c56283fcf7a074407849
  JobsByWebKit: b6fec1f5591c5255a3af8a87414af8a28e4f0b57
  JobsCountdownButton: bdaa0a35d4fc729506bc61f4f1063c545a713054
  JobsCryptoKit: d43e6e44d8868a9f3b2b5f299377452afc4b8459
  JobsEmptyView: b791272f6fdb650c86a04070390851ba9507b110
  JobsFuseAnimation: 1aea1eec9433f1a203a7986cdcde5147f44fa11b
  JobsGestureUnlock: c802b9b099a49d81b8d854f73aa93ac93976ebe2
  JobsGetWindow: fb0bbe8603081fb4645ea5d03317ce36c0f31c65
  JobsIconfont: dcb4e97576328d578288af67751909bc0b07fe0b
  JobsImageRotation: a0a83f20c98ea5911b40457f69923559d365b54d
  JobsImageTools: 5442c54a3ae113aad76fd39a1f5ae3ae5b8fea28
  JobsInheritance: 2a48bc8e2d7dae3643ad2668803c8a1b773dbba0
  Jobsl10n: 7dcc6eee8ebefe092b65bd16350bbb9a29460aa6
  JobsLocalNotification: 18d38925f61b8e4cff4dc5fad504bf84a827a484
  JobsLuckyEnvelopeRain: 72c3d5a23c159413e0a4e57083937a7dcc62f790
  JobsMarqueeView: 1e721d87ad15b0ec12bcab3ee3c65acb5e6ab4dc
  JobsNavBar: 8e2d20df7de3e739edb457278920c44e72507047
  JobsNetworking: 4dcb85f830623ba9105a3a2a73707a5eea41fec1
  JobsProgressBar: 18efb6cdb4d0f77739f12eed45ec6cc5d454f2c9
  JobsScale: 0455fa25096eae822c98ecb443122e6125053231
  JobsScreenCapture: 01774956f2b06fcecdabd3a532bffa49841b6497
  JobsSwiftAppTools: e2d672d26bde70330c836809395058c76d9b28dc
  JobsSwiftBaseDefines: f75d5587dfe99fb44479aa4b23294d9484313884
  JobsSwiftBaseTools: 3f54c8cb79c9d84902deb474265d1c462a990dba
  JobsSwiftBlock: ad1994f4adf1832dc6c526d7e870bb38a3945da2
  JobsSwiftCalendar: 26b6c9b3765f3b1af1e44b45e3f481a5727ce4e7
  JobsSwiftComment: aa3fe9e735bf633a7c397f6e4290562c0592e57d
  JobsSwiftCountryCodeCtrl: e20c6062017e46ce73d010a3f319eaff0c056c50
  JobsSwiftDebugTools: 0b091cc71765ad995323dde20f5017f42ee34819
  JobsSwiftDSL: 750a34ada5131052ca81d584c2e6b10a981a871c
  JobsSwiftExcel: ea26249b6a6cf7c19812e5ae584d9c49b88213dd
  JobsSwiftFoundation: 7850038734cf7f5b2154ca9ced57ae7d8bb6f618
  JobsSwiftGraphicCaptcha: bb851a79e6d850a79f34f564aa372f2a837e1a4e
  JobsSwiftLinkageMenuView: 62044cd7a4b49fec3b3795ad9f2c01f0acddd0a3
  JobsSwiftMarkdown: 8ee0a89a34baa6ab19afa5bd0ffa2a4d28ec0741
  JobsSwiftMetalKit: e406ede5c7672e570e16a8dfb22d629c37bd2bb8
  JobsSwiftNumberStepper: e2f6664fc3f0f378437e7d65b53864a58d4528fb
  JobsSwiftOpen: 72f2fff9bd6df984246f66f53d7a8a8253e2d9f1
  JobsSwiftPatch: 99e4abe4866100b972356fe9d4a428bf5721345f
  JobsSwiftRefresher: 95ff85070e2f4c55f54d299b6bd63506298c8507
  JobsSwiftSearcher: 05724a14d29aa67139af55ce4b07354a414fd7eb
  JobsSwiftSplash: 03869bdf6cde350f61b7f9263883cc065084512e
  JobsSwiftStandardLibrary: 0fde927b7b6f8d83daf3818cbe5094ddd35bbe8b
  JobsSwiftTaskCenter: ecc03d5d502b9e64eb6ced127e8a95c25cb196b7
  JobsSwiftTimer: ac6dd48743dfa856639f05f312e1e5a5f2b251fa
  JobsSwiftTimerMgr: fc7acf4184f9d73f5ce4d564b5800e9c9f3321f0
  JobsSwiftTools: c2f4c873f7baf90b02cdd34a06f7c79e22a401de
  JobsSwiftUILabelScrolling: 5b8c6d6dd30e65d2be507605f193114b2ad78847
  JobsSwiftWebSocket: 45267277f9bb480b25aedc31c88631ab485afd5e
  JobsSwiftWorker: e918b2fa5d6beb6f3bb1d587a40fd19b567eabdf
  JobsTextTools: 492006e86820df999a4b6e450c27148c829b4239
  JobsToast: 950f1562ce5c058bca1415c76f090371883c5b14
  JobsViewPush: 6cbe93cc9ddf1b749e8a7b97f4ddf7addb89d304
  JobsWalletCard: 49d918f838755ddc4f50c5a02b541ea38c04a081
  JXBanner: 348dbef856e786494cbf30fb45d6b84826f2d3c5
  JXPageControl: e9487b39e2e58fc17790833214f3b8e935bef98b
  JXSegmentedView: cd73555ce2134d1656db2cb383ba9c2f36fb5078
  KakaJSON: cc5ff50a8c1cfbb09413db8496cb709a209e6137
  KeychainAccess: c0c4f7f38f6fc7bbe58f5702e25f7bd2f65abf51
  Kingfisher: 23d18f54677d973b713e54ce6a8f5eef6e7056ba
  KRPresentationKit: 11785469f6011a4743131eba264e24e98ac2ac1e
  KRTimingFunction: f74a7630fb2e7e8daf7e619059cfedce1a76545b
  libwebp: 02b23773aedb6ff1fd38cec7a77b81414c6842a8
  LiveChat: 08570cee4312f1620bf4cbeadfa05047426912c9
  Logboard: 4674a3d86681539a0ad1fca528d888b90871e268
  LookinServer: 1b2b61c6402ae29fa22182d48f5cd067b4e99e80
  lottie-ios: 8f959969761e9c45d70353667d00af0e5b9cadb3
  LunarSwift: 8ad9d06cb1b774755be2f6e9b41c07dcaf82d37d
  MJRefresh: ff9e531227924c84ce459338414550a05d2aea78
  Moya: 138f0573e53411fb3dc17016add0b748dfbd78ee
  "NSObject+Rx": 61cf1f7306a73dcef8b36649198af0813ec18dfd
  NVActivityIndicatorView: b19ddab2576f805cbe0fb2306cba3476e09a1dea
  ObjectBox: 946c1e8586aaa61e21b6661bab4948d06fdd51c4
  PhoneNumberKit: e45e3911e4389571fec6784738992cf099d3fda2
  Plan: e0026af5b3cab93b9077b192911832665b762e44
  PromiseKit: 74e6ab5894856b4762fef547055c809bca91d440
  ReactiveSwift: 4dfa83fbdc2392d1112050411641705412c0c705
  RxCocoa: ac16414696ae706516be3e1ab00fcce5bdc9be8a
  RxDataSources: aa47cc1ed6c500fa0dfecac5c979b723542d79cf
  RxRelay: 6b0c930e5cef57d5fe2032571e5e65b78e3cbdb1
  RxSwift: 31649ace6aceeb422e16ff71c60804f9c3281ed9
  ScreenProtectorKit: 322ed190203835593ef4ef40be24442060d7900f
  SDWebImage: e9c98383c7572d713c1a0d7dd2783b10599b9838
  SDWebImageWebPCoder: 0e06e365080397465cc73a7a9b472d8a3bd0f377
  SkeletonView: 5a050f6411e697abd4cda0a8d767013399dccd69
  SnapKit: 97b92857e3df3a0c71833cce143274bf6ef8e5eb
  SVGKit: 1ad7513f8c74d9652f94ed64ddecda1a23864dea
  swift-collections: ba248ecaf44ef500b27d5cf94d304218c89892ff
  SwiftEntryKit: 61b5fa36f34a97dd8013e48a7345bc4c4720be9a
  SwiftMessages: bfefe945bc05ce7cd328303d53d0d1849e29109d
  SwiftProtobuf: e1b437c8e31a4c5577b643249a0bb62ed4f02153
  Texture: 56006b5c8a9ab4b6391e9aa412c49c71ab37bd2f
  TextureSwiftSupport: 84e28da240f0b0c28a3ec4fce4dd51d639201d2c
  Then: 844265ae87834bbe1147d91d5d41a404da2ec27d
  WCDB: d42e5e10cfe39e1e45759eaf660425ec635abfe7
  WCDBOptimizedSQLCipher: 871994f7f620302fdf87a2729c099a1efa2223da
  XMLCoder: c4638336674de7ba279cd23f2005817d69f538e0
  YTKNetwork: c16be90b06be003de9e9cd0d3b187cc8eaf35c04
  ZIPFoundation: dfd3d681c4053ff7e2f7350bc4e53b5dba3f5351

PODFILE CHECKSUM: dfec86a8a7b2eef2ff9b83dabdb7d5b1dd4b9148

COCOAPODS: 1.17.0
