// !$*UTF8*$!
{
	archiveVersion = 1;
	classes = {
	};
	objectVersion = 77;
	objects = {

/* Begin PBXBuildFile section */
		76EC06E82C92C5E0BAB51BD6 /* Pods_JobsSwiftBaseConfigDemo.framework in Frameworks */ = {isa = PBXBuildFile; fileRef = 847A218358097FE8D1EB9932 /* Pods_JobsSwiftBaseConfigDemo.framework */; };
		9D5E6CAF8403FCF2B26E7397 /* EntityInfo-JobsSwiftBaseConfigDemo.generated.swift in Sources */ = {isa = PBXBuildFile; fileRef = 34998114A0CA715D378B5528 /* EntityInfo-JobsSwiftBaseConfigDemo.generated.swift */; };
/* End PBXBuildFile section */

/* Begin PBXContainerItemProxy section */
		C59C65462F1BFB1A0060EEAD /* PBXContainerItemProxy */ = {
			isa = PBXContainerItemProxy;
			containerPortal = C59C652E2F1BFB190060EEAD /* Project object */;
			proxyType = 1;
			remoteGlobalIDString = C59C65352F1BFB1A0060EEAD;
			remoteInfo = JobsSwiftBaseConfigDemo;
		};
		C59C65502F1BFB1A0060EEAD /* PBXContainerItemProxy */ = {
			isa = PBXContainerItemProxy;
			containerPortal = C59C652E2F1BFB190060EEAD /* Project object */;
			proxyType = 1;
			remoteGlobalIDString = C59C65352F1BFB1A0060EEAD;
			remoteInfo = JobsSwiftBaseConfigDemo;
		};
/* End PBXContainerItemProxy section */

/* Begin PBXFileReference section */
		10DB764D70F11D65B3279C03 /* Pods-JobsSwiftBaseConfigDemo.release.xcconfig */ = {isa = PBXFileReference; includeInIndex = 1; lastKnownFileType = text.xcconfig; name = "Pods-JobsSwiftBaseConfigDemo.release.xcconfig"; path = "Target Support Files/Pods-JobsSwiftBaseConfigDemo/Pods-JobsSwiftBaseConfigDemo.release.xcconfig"; sourceTree = "<group>"; };
		34998114A0CA715D378B5528 /* EntityInfo-JobsSwiftBaseConfigDemo.generated.swift */ = {isa = PBXFileReference; includeInIndex = 1; lastKnownFileType = sourcecode.swift; path = "EntityInfo-JobsSwiftBaseConfigDemo.generated.swift"; sourceTree = "<group>"; };
		7E74FE1001061F1EAC8CBE5B /* Pods-JobsSwiftBaseConfigDemo.debug.xcconfig */ = {isa = PBXFileReference; includeInIndex = 1; lastKnownFileType = text.xcconfig; name = "Pods-JobsSwiftBaseConfigDemo.debug.xcconfig"; path = "Target Support Files/Pods-JobsSwiftBaseConfigDemo/Pods-JobsSwiftBaseConfigDemo.debug.xcconfig"; sourceTree = "<group>"; };
		847A218358097FE8D1EB9932 /* Pods_JobsSwiftBaseConfigDemo.framework */ = {isa = PBXFileReference; explicitFileType = wrapper.framework; includeInIndex = 0; path = Pods_JobsSwiftBaseConfigDemo.framework; sourceTree = BUILT_PRODUCTS_DIR; };
		C59C65362F1BFB1A0060EEAD /* JobsSwiftBaseConfigDemo.app */ = {isa = PBXFileReference; explicitFileType = wrapper.application; includeInIndex = 0; path = JobsSwiftBaseConfigDemo.app; sourceTree = BUILT_PRODUCTS_DIR; };
		C59C65452F1BFB1A0060EEAD /* JobsSwiftBaseConfigDemoTests.xctest */ = {isa = PBXFileReference; explicitFileType = wrapper.cfbundle; includeInIndex = 0; path = JobsSwiftBaseConfigDemoTests.xctest; sourceTree = BUILT_PRODUCTS_DIR; };
		C59C654F2F1BFB1A0060EEAD /* JobsSwiftBaseConfigDemoUITests.xctest */ = {isa = PBXFileReference; explicitFileType = wrapper.cfbundle; includeInIndex = 0; path = JobsSwiftBaseConfigDemoUITests.xctest; sourceTree = BUILT_PRODUCTS_DIR; };
		C59C65732F1BFC1C0060EEAD /* 未尽事宜.md */ = {isa = PBXFileReference; lastKnownFileType = net.daringfireball.markdown; path = "未尽事宜.md"; sourceTree = "<group>"; };
/* End PBXFileReference section */

/* Begin PBXFileSystemSynchronizedBuildFileExceptionSet section */
		C59C67882F1BFD620060EEAD /* Exceptions for "JobsSwiftBaseConfigDemo" folder in "JobsSwiftBaseConfigDemo" target */ = {
			isa = PBXFileSystemSynchronizedBuildFileExceptionSet;
			membershipExceptions = (
				"主业务流程/VC/TODO/Demo@自定义注解.swift",
				"主业务流程/VC/TODO/Demo@Unity/Demo@Unity.swift",
				Info.plist,
			);
			target = C59C65352F1BFB1A0060EEAD /* JobsSwiftBaseConfigDemo */;
		};
/* End PBXFileSystemSynchronizedBuildFileExceptionSet section */

/* Begin PBXFileSystemSynchronizedRootGroup section */
		C59C65382F1BFB1A0060EEAD /* JobsSwiftBaseConfigDemo */ = {
			isa = PBXFileSystemSynchronizedRootGroup;
			exceptions = (
				C59C67882F1BFD620060EEAD /* Exceptions for "JobsSwiftBaseConfigDemo" folder in "JobsSwiftBaseConfigDemo" target */,
			);
			path = JobsSwiftBaseConfigDemo;
			sourceTree = "<group>";
		};
		C59C65482F1BFB1A0060EEAD /* JobsSwiftBaseConfigDemoTests */ = {
			isa = PBXFileSystemSynchronizedRootGroup;
			path = JobsSwiftBaseConfigDemoTests;
			sourceTree = "<group>";
		};
		C59C65522F1BFB1A0060EEAD /* JobsSwiftBaseConfigDemoUITests */ = {
			isa = PBXFileSystemSynchronizedRootGroup;
			path = JobsSwiftBaseConfigDemoUITests;
			sourceTree = "<group>";
		};
/* End PBXFileSystemSynchronizedRootGroup section */

/* Begin PBXFrameworksBuildPhase section */
		C59C65332F1BFB1A0060EEAD /* Frameworks */ = {
			isa = PBXFrameworksBuildPhase;
			buildActionMask = 2147483647;
			files = (
				76EC06E82C92C5E0BAB51BD6 /* Pods_JobsSwiftBaseConfigDemo.framework in Frameworks */,
			);
			runOnlyForDeploymentPostprocessing = 0;
		};
		C59C65422F1BFB1A0060EEAD /* Frameworks */ = {
			isa = PBXFrameworksBuildPhase;
			buildActionMask = 2147483647;
			files = (
			);
			runOnlyForDeploymentPostprocessing = 0;
		};
		C59C654C2F1BFB1A0060EEAD /* Frameworks */ = {
			isa = PBXFrameworksBuildPhase;
			buildActionMask = 2147483647;
			files = (
			);
			runOnlyForDeploymentPostprocessing = 0;
		};
/* End PBXFrameworksBuildPhase section */

/* Begin PBXGroup section */
		0F6B5FF2C1DF6D4E9EDE8980 /* Frameworks */ = {
			isa = PBXGroup;
			children = (
				847A218358097FE8D1EB9932 /* Pods_JobsSwiftBaseConfigDemo.framework */,
			);
			name = Frameworks;
			sourceTree = "<group>";
		};
		A015FC91762D3615F9A4CAC5 /* Pods */ = {
			isa = PBXGroup;
			children = (
				7E74FE1001061F1EAC8CBE5B /* Pods-JobsSwiftBaseConfigDemo.debug.xcconfig */,
				10DB764D70F11D65B3279C03 /* Pods-JobsSwiftBaseConfigDemo.release.xcconfig */,
			);
			path = Pods;
			sourceTree = "<group>";
		};
		BE84CCA99B4FD97FE1349FAC /* generated */ = {
			isa = PBXGroup;
			children = (
				34998114A0CA715D378B5528 /* EntityInfo-JobsSwiftBaseConfigDemo.generated.swift */,
			);
			path = generated;
			sourceTree = "<group>";
		};
		C59C652D2F1BFB190060EEAD = {
			isa = PBXGroup;
			children = (
				C59C65732F1BFC1C0060EEAD /* 未尽事宜.md */,
				C59C65382F1BFB1A0060EEAD /* JobsSwiftBaseConfigDemo */,
				C59C65482F1BFB1A0060EEAD /* JobsSwiftBaseConfigDemoTests */,
				C59C65522F1BFB1A0060EEAD /* JobsSwiftBaseConfigDemoUITests */,
				C59C65372F1BFB1A0060EEAD /* Products */,
				A015FC91762D3615F9A4CAC5 /* Pods */,
				0F6B5FF2C1DF6D4E9EDE8980 /* Frameworks */,
				BE84CCA99B4FD97FE1349FAC /* generated */,
			);
			sourceTree = "<group>";
		};
		C59C65372F1BFB1A0060EEAD /* Products */ = {
			isa = PBXGroup;
			children = (
				C59C65362F1BFB1A0060EEAD /* JobsSwiftBaseConfigDemo.app */,
				C59C65452F1BFB1A0060EEAD /* JobsSwiftBaseConfigDemoTests.xctest */,
				C59C654F2F1BFB1A0060EEAD /* JobsSwiftBaseConfigDemoUITests.xctest */,
			);
			name = Products;
			sourceTree = "<group>";
		};
/* End PBXGroup section */

/* Begin PBXNativeTarget section */
		C59C65352F1BFB1A0060EEAD /* JobsSwiftBaseConfigDemo */ = {
			isa = PBXNativeTarget;
			buildConfigurationList = C59C65592F1BFB1A0060EEAD /* Build configuration list for PBXNativeTarget "JobsSwiftBaseConfigDemo" */;
			buildPhases = (
				9B30AAF4C5CEA41A0405A645 /* [CP] Check Pods Manifest.lock */,
				C57D6A082F1DD7D00093F898 /* ShellScript */,
				2B0FE6CCEE62CF1871E51C17 /* [CP-User] Run Flutter Build my_flutter Script */,
				0ED085630027AE69643CFADF /* [OBX] Update Sourcery Generated Files */,
				C59C65322F1BFB1A0060EEAD /* Sources */,
				C59C65332F1BFB1A0060EEAD /* Frameworks */,
				C57D6A0A2F1DD7DD0093F898 /* ShellScript */,
				C59C65342F1BFB1A0060EEAD /* Resources */,
				C57D6C202F1DDCDB0093F898 /* ShellScript */,
				6A6580F7810A6AB4F6389035 /* [CP] Copy Pods Resources */,
				7F9C6F4C7E5585F935602E59 /* [CP-User] Embed Flutter Build my_flutter Script */,
				D3CE29130B6CF21ECD1F07F5 /* [CP] Embed Pods Frameworks */,
			);
			buildRules = (
			);
			dependencies = (
			);
			fileSystemSynchronizedGroups = (
				C59C65382F1BFB1A0060EEAD /* JobsSwiftBaseConfigDemo */,
			);
			name = JobsSwiftBaseConfigDemo;
			productName = JobsSwiftBaseConfigDemo;
			productReference = C59C65362F1BFB1A0060EEAD /* JobsSwiftBaseConfigDemo.app */;
			productType = "com.apple.product-type.application";
		};
		C59C65442F1BFB1A0060EEAD /* JobsSwiftBaseConfigDemoTests */ = {
			isa = PBXNativeTarget;
			buildConfigurationList = C59C655C2F1BFB1A0060EEAD /* Build configuration list for PBXNativeTarget "JobsSwiftBaseConfigDemoTests" */;
			buildPhases = (
				C59C65412F1BFB1A0060EEAD /* Sources */,
				C59C65422F1BFB1A0060EEAD /* Frameworks */,
				C59C65432F1BFB1A0060EEAD /* Resources */,
			);
			buildRules = (
			);
			dependencies = (
				C59C65472F1BFB1A0060EEAD /* PBXTargetDependency */,
			);
			fileSystemSynchronizedGroups = (
				C59C65482F1BFB1A0060EEAD /* JobsSwiftBaseConfigDemoTests */,
			);
			name = JobsSwiftBaseConfigDemoTests;
			productName = JobsSwiftBaseConfigDemoTests;
			productReference = C59C65452F1BFB1A0060EEAD /* JobsSwiftBaseConfigDemoTests.xctest */;
			productType = "com.apple.product-type.bundle.unit-test";
		};
		C59C654E2F1BFB1A0060EEAD /* JobsSwiftBaseConfigDemoUITests */ = {
			isa = PBXNativeTarget;
			buildConfigurationList = C59C655F2F1BFB1A0060EEAD /* Build configuration list for PBXNativeTarget "JobsSwiftBaseConfigDemoUITests" */;
			buildPhases = (
				C59C654B2F1BFB1A0060EEAD /* Sources */,
				C59C654C2F1BFB1A0060EEAD /* Frameworks */,
				C59C654D2F1BFB1A0060EEAD /* Resources */,
			);
			buildRules = (
			);
			dependencies = (
				C59C65512F1BFB1A0060EEAD /* PBXTargetDependency */,
			);
			fileSystemSynchronizedGroups = (
				C59C65522F1BFB1A0060EEAD /* JobsSwiftBaseConfigDemoUITests */,
			);
			name = JobsSwiftBaseConfigDemoUITests;
			productName = JobsSwiftBaseConfigDemoUITests;
			productReference = C59C654F2F1BFB1A0060EEAD /* JobsSwiftBaseConfigDemoUITests.xctest */;
			productType = "com.apple.product-type.bundle.ui-testing";
		};
/* End PBXNativeTarget section */

/* Begin PBXProject section */
		C59C652E2F1BFB190060EEAD /* Project object */ = {
			isa = PBXProject;
			attributes = {
				BuildIndependentTargetsInParallel = 1;
				LastSwiftUpdateCheck = 2620;
				LastUpgradeCheck = 2620;
				TargetAttributes = {
					C59C65352F1BFB1A0060EEAD = {
						CreatedOnToolsVersion = 26.2;
					};
					C59C65442F1BFB1A0060EEAD = {
						CreatedOnToolsVersion = 26.2;
						TestTargetID = C59C65352F1BFB1A0060EEAD;
					};
					C59C654E2F1BFB1A0060EEAD = {
						CreatedOnToolsVersion = 26.2;
						TestTargetID = C59C65352F1BFB1A0060EEAD;
					};
				};
			};
			buildConfigurationList = C59C65312F1BFB190060EEAD /* Build configuration list for PBXProject "JobsSwiftBaseConfigDemo" */;
			developmentRegion = en;
			hasScannedForEncodings = 0;
			knownRegions = (
				en,
				Base,
				"zh-Hans",
			);
			mainGroup = C59C652D2F1BFB190060EEAD;
			minimizedProjectReferenceProxies = 1;
			preferredProjectObjectVersion = 77;
			productRefGroup = C59C65372F1BFB1A0060EEAD /* Products */;
			projectDirPath = "";
			projectRoot = "";
			targets = (
				C59C65352F1BFB1A0060EEAD /* JobsSwiftBaseConfigDemo */,
				C59C65442F1BFB1A0060EEAD /* JobsSwiftBaseConfigDemoTests */,
				C59C654E2F1BFB1A0060EEAD /* JobsSwiftBaseConfigDemoUITests */,
			);
		};
/* End PBXProject section */

/* Begin PBXResourcesBuildPhase section */
		C59C65342F1BFB1A0060EEAD /* Resources */ = {
			isa = PBXResourcesBuildPhase;
			buildActionMask = 2147483647;
			files = (
			);
			runOnlyForDeploymentPostprocessing = 0;
		};
		C59C65432F1BFB1A0060EEAD /* Resources */ = {
			isa = PBXResourcesBuildPhase;
			buildActionMask = 2147483647;
			files = (
			);
			runOnlyForDeploymentPostprocessing = 0;
		};
		C59C654D2F1BFB1A0060EEAD /* Resources */ = {
			isa = PBXResourcesBuildPhase;
			buildActionMask = 2147483647;
			files = (
			);
			runOnlyForDeploymentPostprocessing = 0;
		};
/* End PBXResourcesBuildPhase section */

/* Begin PBXShellScriptBuildPhase section */
		0ED085630027AE69643CFADF /* [OBX] Update Sourcery Generated Files */ = {
			isa = PBXShellScriptBuildPhase;
			alwaysOutOfDate = 1;
			buildActionMask = 2147483647;
			files = (
			);
			inputFileListPaths = (
			);
			inputPaths = (
			);
			name = "[OBX] Update Sourcery Generated Files";
			outputFileListPaths = (
			);
			outputPaths = (
			);
			runOnlyForDeploymentPostprocessing = 0;
			shellPath = /bin/sh;
			shellScript = "\"$PODS_ROOT/ObjectBox/generate_sources.sh\" -- --output \"$PROJECT_DIR/generated/EntityInfo-JobsSwiftBaseConfigDemo.generated.swift\" --model-json \"$PROJECT_DIR/model-JobsSwiftBaseConfigDemo.json\"\n";
		};
		2B0FE6CCEE62CF1871E51C17 /* [CP-User] Run Flutter Build my_flutter Script */ = {
			isa = PBXShellScriptBuildPhase;
			buildActionMask = 2147483647;
			files = (
			);
			inputPaths = (
			);
			name = "[CP-User] Run Flutter Build my_flutter Script";
			outputPaths = (
			);
			runOnlyForDeploymentPostprocessing = 0;
			shellPath = /bin/sh;
			shellScript = "set -e\nset -u\nsource \"${SRCROOT}/my_flutter/.ios/Flutter/flutter_export_environment.sh\"\nexport VERBOSE_SCRIPT_LOGGING=1 && \"$FLUTTER_ROOT\"/packages/flutter_tools/bin/xcode_backend.sh build";
		};
		6A6580F7810A6AB4F6389035 /* [CP] Copy Pods Resources */ = {
			isa = PBXShellScriptBuildPhase;
			buildActionMask = 2147483647;
			files = (
			);
			inputFileListPaths = (
			);
			inputPaths = (
			);
			name = "[CP] Copy Pods Resources";
			outputFileListPaths = (
			);
			outputPaths = (
			);
			runOnlyForDeploymentPostprocessing = 0;
			shellPath = /bin/sh;
			shellScript = "\"${PODS_ROOT}/Target Support Files/Pods-JobsSwiftBaseConfigDemo/Pods-JobsSwiftBaseConfigDemo-resources.sh\"\n";
			showEnvVarsInLog = 0;
		};
		7F9C6F4C7E5585F935602E59 /* [CP-User] Embed Flutter Build my_flutter Script */ = {
			isa = PBXShellScriptBuildPhase;
			buildActionMask = 2147483647;
			files = (
			);
			inputPaths = (
			);
			name = "[CP-User] Embed Flutter Build my_flutter Script";
			outputPaths = (
			);
			runOnlyForDeploymentPostprocessing = 0;
			shellPath = /bin/sh;
			shellScript = "set -e\nset -u\nsource \"${SRCROOT}/my_flutter/.ios/Flutter/flutter_export_environment.sh\"\nexport VERBOSE_SCRIPT_LOGGING=1 && \"$FLUTTER_ROOT\"/packages/flutter_tools/bin/xcode_backend.sh embed_and_thin";
		};
		9B30AAF4C5CEA41A0405A645 /* [CP] Check Pods Manifest.lock */ = {
			isa = PBXShellScriptBuildPhase;
			buildActionMask = 2147483647;
			files = (
			);
			inputFileListPaths = (
			);
			inputPaths = (
				"${PODS_PODFILE_DIR_PATH}/Podfile.lock",
				"${PODS_ROOT}/Manifest.lock",
			);
			name = "[CP] Check Pods Manifest.lock";
			outputFileListPaths = (
			);
			outputPaths = (
				"$(DERIVED_FILE_DIR)/Pods-JobsSwiftBaseConfigDemo-checkManifestLockResult.txt",
			);
			runOnlyForDeploymentPostprocessing = 0;
			shellPath = /bin/sh;
			shellScript = "diff \"${PODS_PODFILE_DIR_PATH}/Podfile.lock\" \"${PODS_ROOT}/Manifest.lock\" > /dev/null\nif [ $? != 0 ] ; then\n    # print error to STDERR\n    echo \"error: The sandbox is not in sync with the Podfile.lock. Run 'pod install' or update your CocoaPods installation.\" >&2\n    exit 1\nfi\n# This output is used by Xcode 'outputs' to avoid re-running this script phase.\necho \"SUCCESS\" > \"${SCRIPT_OUTPUT_FILE_0}\"\n";
			showEnvVarsInLog = 0;
		};
		C57D6A082F1DD7D00093F898 /* ShellScript */ = {
			isa = PBXShellScriptBuildPhase;
			alwaysOutOfDate = 1;
			buildActionMask = 2147483647;
			files = (
			);
			inputFileListPaths = (
			);
			inputPaths = (
			);
			outputFileListPaths = (
			);
			outputPaths = (
			);
			runOnlyForDeploymentPostprocessing = 0;
			shellPath = /bin/sh;
			shellScript = "
";
		};
		C57D6A0A2F1DD7DD0093F898 /* ShellScript */ = {
			isa = PBXShellScriptBuildPhase;
			alwaysOutOfDate = 1;
			buildActionMask = 2147483647;
			files = (
			);
			inputFileListPaths = (
			);
			inputPaths = (
			);
			outputFileListPaths = (
			);
			outputPaths = (
			);
			runOnlyForDeploymentPostprocessing = 0;
			shellPath = /bin/sh;
			shellScript = "
";
		};
		C57D6C202F1DDCDB0093F898 /* ShellScript */ = {
			isa = PBXShellScriptBuildPhase;
			alwaysOutOfDate = 1;
			buildActionMask = 2147483647;
			files = (
			);
			inputFileListPaths = (
			);
			inputPaths = (
			);
			outputFileListPaths = (
			);
			outputPaths = (
			);
			runOnlyForDeploymentPostprocessing = 0;
			shellPath = /bin/sh;
			shellScript = "
";
		};
		D3CE29130B6CF21ECD1F07F5 /* [CP] Embed Pods Frameworks */ = {
			isa = PBXShellScriptBuildPhase;
			buildActionMask = 2147483647;
			files = (
			);
			inputFileListPaths = (
			);
			inputPaths = (
			);
			name = "[CP] Embed Pods Frameworks";
			outputFileListPaths = (
			);
			outputPaths = (
			);
			runOnlyForDeploymentPostprocessing = 0;
			shellPath = /bin/sh;
			shellScript = "\"${PODS_ROOT}/Target Support Files/Pods-JobsSwiftBaseConfigDemo/Pods-JobsSwiftBaseConfigDemo-frameworks.sh\"\n";
			showEnvVarsInLog = 0;
		};
/* End PBXShellScriptBuildPhase section */

/* Begin PBXSourcesBuildPhase section */
		C59C65322F1BFB1A0060EEAD /* Sources */ = {
			isa = PBXSourcesBuildPhase;
			buildActionMask = 2147483647;
			files = (
				9D5E6CAF8403FCF2B26E7397 /* EntityInfo-JobsSwiftBaseConfigDemo.generated.swift in Sources */,
			);
			runOnlyForDeploymentPostprocessing = 0;
		};
		C59C65412F1BFB1A0060EEAD /* Sources */ = {
			isa = PBXSourcesBuildPhase;
			buildActionMask = 2147483647;
			files = (
			);
			runOnlyForDeploymentPostprocessing = 0;
		};
		C59C654B2F1BFB1A0060EEAD /* Sources */ = {
			isa = PBXSourcesBuildPhase;
			buildActionMask = 2147483647;
			files = (
			);
			runOnlyForDeploymentPostprocessing = 0;
		};
/* End PBXSourcesBuildPhase section */

/* Begin PBXTargetDependency section */
		C59C65472F1BFB1A0060EEAD /* PBXTargetDependency */ = {
			isa = PBXTargetDependency;
			target = C59C65352F1BFB1A0060EEAD /* JobsSwiftBaseConfigDemo */;
			targetProxy = C59C65462F1BFB1A0060EEAD /* PBXContainerItemProxy */;
		};
		C59C65512F1BFB1A0060EEAD /* PBXTargetDependency */ = {
			isa = PBXTargetDependency;
			target = C59C65352F1BFB1A0060EEAD /* JobsSwiftBaseConfigDemo */;
			targetProxy = C59C65502F1BFB1A0060EEAD /* PBXContainerItemProxy */;
		};
/* End PBXTargetDependency section */

/* Begin XCBuildConfiguration section */
		C59C65572F1BFB1A0060EEAD /* Debug */ = {
			isa = XCBuildConfiguration;
			baseConfigurationReferenceAnchor = C59C65382F1BFB1A0060EEAD /* JobsSwiftBaseConfigDemo */;
			baseConfigurationReferenceRelativePath = JobsConfig.xcconfig;
			buildSettings = {
				ALWAYS_SEARCH_USER_PATHS = NO;
				ASSETCATALOG_COMPILER_GENERATE_SWIFT_ASSET_SYMBOL_EXTENSIONS = YES;
				CLANG_ANALYZER_LOCALIZABILITY_NONLOCALIZED = YES;
				CLANG_ANALYZER_NONNULL = YES;
				CLANG_ANALYZER_NUMBER_OBJECT_CONVERSION = YES_AGGRESSIVE;
				CLANG_CXX_LANGUAGE_STANDARD = "gnu++20";
				CLANG_ENABLE_MODULES = YES;
				CLANG_ENABLE_OBJC_ARC = YES;
				CLANG_ENABLE_OBJC_WEAK = YES;
				CLANG_WARN_BLOCK_CAPTURE_AUTORELEASING = YES;
				CLANG_WARN_BOOL_CONVERSION = YES;
				CLANG_WARN_COMMA = YES;
				CLANG_WARN_CONSTANT_CONVERSION = YES;
				CLANG_WARN_DEPRECATED_OBJC_IMPLEMENTATIONS = YES;
				CLANG_WARN_DIRECT_OBJC_ISA_USAGE = YES_ERROR;
				CLANG_WARN_DOCUMENTATION_COMMENTS = YES;
				CLANG_WARN_EMPTY_BODY = YES;
				CLANG_WARN_ENUM_CONVERSION = YES;
				CLANG_WARN_INFINITE_RECURSION = YES;
				CLANG_WARN_INT_CONVERSION = YES;
				CLANG_WARN_NON_LITERAL_NULL_CONVERSION = YES;
				CLANG_WARN_OBJC_IMPLICIT_RETAIN_SELF = YES;
				CLANG_WARN_OBJC_LITERAL_CONVERSION = YES;
				CLANG_WARN_OBJC_ROOT_CLASS = YES_ERROR;
				CLANG_WARN_QUOTED_INCLUDE_IN_FRAMEWORK_HEADER = YES;
				CLANG_WARN_RANGE_LOOP_ANALYSIS = YES;
				CLANG_WARN_STRICT_PROTOTYPES = YES;
				CLANG_WARN_SUSPICIOUS_MOVE = YES;
				CLANG_WARN_UNGUARDED_AVAILABILITY = YES_AGGRESSIVE;
				CLANG_WARN_UNREACHABLE_CODE = YES;
				CLANG_WARN__DUPLICATE_METHOD_MATCH = YES;
				COPY_PHASE_STRIP = NO;
				DEBUG_INFORMATION_FORMAT = dwarf;
				ENABLE_STRICT_OBJC_MSGSEND = YES;
				ENABLE_TESTABILITY = YES;
				ENABLE_USER_SCRIPT_SANDBOXING = YES;
				GCC_C_LANGUAGE_STANDARD = gnu17;
				GCC_DYNAMIC_NO_PIC = NO;
				GCC_NO_COMMON_BLOCKS = YES;
				GCC_OPTIMIZATION_LEVEL = 0;
				GCC_PREPROCESSOR_DEFINITIONS = (
					"DEBUG=1",
					"$(inherited)",
				);
				GCC_WARN_64_TO_32_BIT_CONVERSION = YES;
				GCC_WARN_ABOUT_RETURN_TYPE = YES_ERROR;
				GCC_WARN_UNDECLARED_SELECTOR = YES;
				GCC_WARN_UNINITIALIZED_AUTOS = YES_AGGRESSIVE;
				GCC_WARN_UNUSED_FUNCTION = YES;
				GCC_WARN_UNUSED_VARIABLE = YES;
				IPHONEOS_DEPLOYMENT_TARGET = 26.2;
				LOCALIZATION_PREFERS_STRING_CATALOGS = YES;
				MTL_ENABLE_DEBUG_INFO = INCLUDE_SOURCE;
				MTL_FAST_MATH = YES;
				ONLY_ACTIVE_ARCH = YES;
				SDKROOT = iphoneos;
				SWIFT_ACTIVE_COMPILATION_CONDITIONS = "DEBUG $(inherited)";
				SWIFT_OPTIMIZATION_LEVEL = "-Onone";
			};
			name = Debug;
		};
		C59C65582F1BFB1A0060EEAD /* Release */ = {
			isa = XCBuildConfiguration;
			baseConfigurationReferenceAnchor = C59C65382F1BFB1A0060EEAD /* JobsSwiftBaseConfigDemo */;
			baseConfigurationReferenceRelativePath = JobsConfig.xcconfig;
			buildSettings = {
				ALWAYS_SEARCH_USER_PATHS = NO;
				ASSETCATALOG_COMPILER_GENERATE_SWIFT_ASSET_SYMBOL_EXTENSIONS = YES;
				CLANG_ANALYZER_LOCALIZABILITY_NONLOCALIZED = YES;
				CLANG_ANALYZER_NONNULL = YES;
				CLANG_ANALYZER_NUMBER_OBJECT_CONVERSION = YES_AGGRESSIVE;
				CLANG_CXX_LANGUAGE_STANDARD = "gnu++20";
				CLANG_ENABLE_MODULES = YES;
				CLANG_ENABLE_OBJC_ARC = YES;
				CLANG_ENABLE_OBJC_WEAK = YES;
				CLANG_WARN_BLOCK_CAPTURE_AUTORELEASING = YES;
				CLANG_WARN_BOOL_CONVERSION = YES;
				CLANG_WARN_COMMA = YES;
				CLANG_WARN_CONSTANT_CONVERSION = YES;
				CLANG_WARN_DEPRECATED_OBJC_IMPLEMENTATIONS = YES;
				CLANG_WARN_DIRECT_OBJC_ISA_USAGE = YES_ERROR;
				CLANG_WARN_DOCUMENTATION_COMMENTS = YES;
				CLANG_WARN_EMPTY_BODY = YES;
				CLANG_WARN_ENUM_CONVERSION = YES;
				CLANG_WARN_INFINITE_RECURSION = YES;
				CLANG_WARN_INT_CONVERSION = YES;
				CLANG_WARN_NON_LITERAL_NULL_CONVERSION = YES;
				CLANG_WARN_OBJC_IMPLICIT_RETAIN_SELF = YES;
				CLANG_WARN_OBJC_LITERAL_CONVERSION = YES;
				CLANG_WARN_OBJC_ROOT_CLASS = YES_ERROR;
				CLANG_WARN_QUOTED_INCLUDE_IN_FRAMEWORK_HEADER = YES;
				CLANG_WARN_RANGE_LOOP_ANALYSIS = YES;
				CLANG_WARN_STRICT_PROTOTYPES = YES;
				CLANG_WARN_SUSPICIOUS_MOVE = YES;
				CLANG_WARN_UNGUARDED_AVAILABILITY = YES_AGGRESSIVE;
				CLANG_WARN_UNREACHABLE_CODE = YES;
				CLANG_WARN__DUPLICATE_METHOD_MATCH = YES;
				COPY_PHASE_STRIP = NO;
				DEBUG_INFORMATION_FORMAT = "dwarf-with-dsym";
				ENABLE_NS_ASSERTIONS = NO;
				ENABLE_STRICT_OBJC_MSGSEND = YES;
				ENABLE_USER_SCRIPT_SANDBOXING = YES;
				GCC_C_LANGUAGE_STANDARD = gnu17;
				GCC_NO_COMMON_BLOCKS = YES;
				GCC_WARN_64_TO_32_BIT_CONVERSION = YES;
				GCC_WARN_ABOUT_RETURN_TYPE = YES_ERROR;
				GCC_WARN_UNDECLARED_SELECTOR = YES;
				GCC_WARN_UNINITIALIZED_AUTOS = YES_AGGRESSIVE;
				GCC_WARN_UNUSED_FUNCTION = YES;
				GCC_WARN_UNUSED_VARIABLE = YES;
				IPHONEOS_DEPLOYMENT_TARGET = 26.2;
				LOCALIZATION_PREFERS_STRING_CATALOGS = YES;
				MTL_ENABLE_DEBUG_INFO = NO;
				MTL_FAST_MATH = YES;
				SDKROOT = iphoneos;
				SWIFT_COMPILATION_MODE = wholemodule;
				VALIDATE_PRODUCT = YES;
			};
			name = Release;
		};
		C59C655A2F1BFB1A0060EEAD /* Debug */ = {
			isa = XCBuildConfiguration;
			baseConfigurationReference = 7E74FE1001061F1EAC8CBE5B /* Pods-JobsSwiftBaseConfigDemo.debug.xcconfig */;
			buildSettings = {
				ASSETCATALOG_COMPILER_APPICON_NAME = "AppIcon@Host";
				ASSETCATALOG_COMPILER_GLOBAL_ACCENT_COLOR_NAME = AccentColor;
				CODE_SIGN_STYLE = Automatic;
				CURRENT_PROJECT_VERSION = 1;
				DEVELOPMENT_TEAM = K5692KLW75;
				ENABLE_PREVIEWS = YES;
				ENABLE_USER_SCRIPT_SANDBOXING = NO;
				GENERATE_INFOPLIST_FILE = YES;
				INFOPLIST_FILE = JobsSwiftBaseConfigDemo/Info.plist;
				INFOPLIST_KEY_CFBundleDisplayName = SwiftDemo;
				INFOPLIST_KEY_UIApplicationSupportsIndirectInputEvents = YES;
				INFOPLIST_KEY_UILaunchScreen_Generation = YES;
				INFOPLIST_KEY_UISupportedInterfaceOrientations_iPad = "UIInterfaceOrientationPortrait UIInterfaceOrientationPortraitUpsideDown UIInterfaceOrientationLandscapeLeft UIInterfaceOrientationLandscapeRight";
				INFOPLIST_KEY_UISupportedInterfaceOrientations_iPhone = "UIInterfaceOrientationPortrait UIInterfaceOrientationLandscapeLeft UIInterfaceOrientationLandscapeRight";
				IPHONEOS_DEPLOYMENT_TARGET = 15.0;
				LD_RUNPATH_SEARCH_PATHS = (
					"$(inherited)",
					"@executable_path/Frameworks",
				);
				LIBRARY_SEARCH_PATHS = (
					"$(inherited)",
					"$(PROJECT_DIR)/JobsSwiftBaseConfigDemo/Resources/.lib/libstdc++/iPhone-Simulator",
				);
				MARKETING_VERSION = 1.0;
				PRODUCT_BUNDLE_IDENTIFIER = com.jobs.JobsSwiftBaseConfigDemo.JobsSwiftBaseConfigDemo;
				PRODUCT_NAME = "$(TARGET_NAME)";
				STRING_CATALOG_GENERATE_SYMBOLS = YES;
				SWIFT_APPROACHABLE_CONCURRENCY = YES;
				SWIFT_DEFAULT_ACTOR_ISOLATION = MainActor;
				SWIFT_EMIT_LOC_STRINGS = YES;
				SWIFT_UPCOMING_FEATURE_MEMBER_IMPORT_VISIBILITY = YES;
				SWIFT_VERSION = 5.0;
				TARGETED_DEVICE_FAMILY = "1,2";
			};
			name = Debug;
		};
		C59C655B2F1BFB1A0060EEAD /* Release */ = {
			isa = XCBuildConfiguration;
			baseConfigurationReference = 10DB764D70F11D65B3279C03 /* Pods-JobsSwiftBaseConfigDemo.release.xcconfig */;
			buildSettings = {
				ASSETCATALOG_COMPILER_APPICON_NAME = "AppIcon@Host";
				ASSETCATALOG_COMPILER_GLOBAL_ACCENT_COLOR_NAME = AccentColor;
				CODE_SIGN_STYLE = Automatic;
				CURRENT_PROJECT_VERSION = 1;
				DEVELOPMENT_TEAM = K5692KLW75;
				ENABLE_PREVIEWS = YES;
				ENABLE_USER_SCRIPT_SANDBOXING = NO;
				GENERATE_INFOPLIST_FILE = YES;
				INFOPLIST_FILE = JobsSwiftBaseConfigDemo/Info.plist;
				INFOPLIST_KEY_CFBundleDisplayName = SwiftDemo;
				INFOPLIST_KEY_UIApplicationSupportsIndirectInputEvents = YES;
				INFOPLIST_KEY_UILaunchScreen_Generation = YES;
				INFOPLIST_KEY_UISupportedInterfaceOrientations_iPad = "UIInterfaceOrientationPortrait UIInterfaceOrientationPortraitUpsideDown UIInterfaceOrientationLandscapeLeft UIInterfaceOrientationLandscapeRight";
				INFOPLIST_KEY_UISupportedInterfaceOrientations_iPhone = "UIInterfaceOrientationPortrait UIInterfaceOrientationLandscapeLeft UIInterfaceOrientationLandscapeRight";
				IPHONEOS_DEPLOYMENT_TARGET = 15.0;
				LD_RUNPATH_SEARCH_PATHS = (
					"$(inherited)",
					"@executable_path/Frameworks",
				);
				LIBRARY_SEARCH_PATHS = (
					"$(inherited)",
					"$(PROJECT_DIR)/JobsSwiftBaseConfigDemo/Resources/.lib/libstdc++/iPhone-Simulator",
				);
				MARKETING_VERSION = 1.0;
				PRODUCT_BUNDLE_IDENTIFIER = com.jobs.JobsSwiftBaseConfigDemo.JobsSwiftBaseConfigDemo;
				PRODUCT_NAME = "$(TARGET_NAME)";
				STRING_CATALOG_GENERATE_SYMBOLS = YES;
				SWIFT_APPROACHABLE_CONCURRENCY = YES;
				SWIFT_DEFAULT_ACTOR_ISOLATION = MainActor;
				SWIFT_EMIT_LOC_STRINGS = YES;
				SWIFT_UPCOMING_FEATURE_MEMBER_IMPORT_VISIBILITY = YES;
				SWIFT_VERSION = 5.0;
				TARGETED_DEVICE_FAMILY = "1,2";
			};
			name = Release;
		};
		C59C655D2F1BFB1A0060EEAD /* Debug */ = {
			isa = XCBuildConfiguration;
			buildSettings = {
				BUNDLE_LOADER = "$(TEST_HOST)";
				CODE_SIGN_STYLE = Automatic;
				CURRENT_PROJECT_VERSION = 1;
				ENABLE_USER_SCRIPT_SANDBOXING = NO;
				GENERATE_INFOPLIST_FILE = YES;
				IPHONEOS_DEPLOYMENT_TARGET = 15.0;
				MARKETING_VERSION = 1.0;
				PRODUCT_BUNDLE_IDENTIFIER = com.jobs.JobsSwiftBaseConfigDemo.JobsSwiftBaseConfigDemoTests;
				PRODUCT_NAME = "$(TARGET_NAME)";
				STRING_CATALOG_GENERATE_SYMBOLS = NO;
				SWIFT_APPROACHABLE_CONCURRENCY = YES;
				SWIFT_EMIT_LOC_STRINGS = NO;
				SWIFT_UPCOMING_FEATURE_MEMBER_IMPORT_VISIBILITY = YES;
				SWIFT_VERSION = 5.0;
				TARGETED_DEVICE_FAMILY = "1,2";
				TEST_HOST = "$(BUILT_PRODUCTS_DIR)/JobsSwiftBaseConfigDemo.app/$(BUNDLE_EXECUTABLE_FOLDER_PATH)/JobsSwiftBaseConfigDemo";
			};
			name = Debug;
		};
		C59C655E2F1BFB1A0060EEAD /* Release */ = {
			isa = XCBuildConfiguration;
			buildSettings = {
				BUNDLE_LOADER = "$(TEST_HOST)";
				CODE_SIGN_STYLE = Automatic;
				CURRENT_PROJECT_VERSION = 1;
				ENABLE_USER_SCRIPT_SANDBOXING = NO;
				GENERATE_INFOPLIST_FILE = YES;
				IPHONEOS_DEPLOYMENT_TARGET = 15.0;
				MARKETING_VERSION = 1.0;
				PRODUCT_BUNDLE_IDENTIFIER = com.jobs.JobsSwiftBaseConfigDemo.JobsSwiftBaseConfigDemoTests;
				PRODUCT_NAME = "$(TARGET_NAME)";
				STRING_CATALOG_GENERATE_SYMBOLS = NO;
				SWIFT_APPROACHABLE_CONCURRENCY = YES;
				SWIFT_EMIT_LOC_STRINGS = NO;
				SWIFT_UPCOMING_FEATURE_MEMBER_IMPORT_VISIBILITY = YES;
				SWIFT_VERSION = 5.0;
				TARGETED_DEVICE_FAMILY = "1,2";
				TEST_HOST = "$(BUILT_PRODUCTS_DIR)/JobsSwiftBaseConfigDemo.app/$(BUNDLE_EXECUTABLE_FOLDER_PATH)/JobsSwiftBaseConfigDemo";
			};
			name = Release;
		};
		C59C65602F1BFB1A0060EEAD /* Debug */ = {
			isa = XCBuildConfiguration;
			buildSettings = {
				CODE_SIGN_STYLE = Automatic;
				CURRENT_PROJECT_VERSION = 1;
				ENABLE_USER_SCRIPT_SANDBOXING = NO;
				GENERATE_INFOPLIST_FILE = YES;
				IPHONEOS_DEPLOYMENT_TARGET = 15.0;
				MARKETING_VERSION = 1.0;
				PRODUCT_BUNDLE_IDENTIFIER = com.jobs.JobsSwiftBaseConfigDemo.JobsSwiftBaseConfigDemoUITests;
				PRODUCT_NAME = "$(TARGET_NAME)";
				STRING_CATALOG_GENERATE_SYMBOLS = NO;
				SWIFT_APPROACHABLE_CONCURRENCY = YES;
				SWIFT_EMIT_LOC_STRINGS = NO;
				SWIFT_UPCOMING_FEATURE_MEMBER_IMPORT_VISIBILITY = YES;
				SWIFT_VERSION = 5.0;
				TARGETED_DEVICE_FAMILY = "1,2";
				TEST_TARGET_NAME = JobsSwiftBaseConfigDemo;
			};
			name = Debug;
		};
		C59C65612F1BFB1A0060EEAD /* Release */ = {
			isa = XCBuildConfiguration;
			buildSettings = {
				CODE_SIGN_STYLE = Automatic;
				CURRENT_PROJECT_VERSION = 1;
				ENABLE_USER_SCRIPT_SANDBOXING = NO;
				GENERATE_INFOPLIST_FILE = YES;
				IPHONEOS_DEPLOYMENT_TARGET = 15.0;
				MARKETING_VERSION = 1.0;
				PRODUCT_BUNDLE_IDENTIFIER = com.jobs.JobsSwiftBaseConfigDemo.JobsSwiftBaseConfigDemoUITests;
				PRODUCT_NAME = "$(TARGET_NAME)";
				STRING_CATALOG_GENERATE_SYMBOLS = NO;
				SWIFT_APPROACHABLE_CONCURRENCY = YES;
				SWIFT_EMIT_LOC_STRINGS = NO;
				SWIFT_UPCOMING_FEATURE_MEMBER_IMPORT_VISIBILITY = YES;
				SWIFT_VERSION = 5.0;
				TARGETED_DEVICE_FAMILY = "1,2";
				TEST_TARGET_NAME = JobsSwiftBaseConfigDemo;
			};
			name = Release;
		};
/* End XCBuildConfiguration section */

/* Begin XCConfigurationList section */
		C59C65312F1BFB190060EEAD /* Build configuration list for PBXProject "JobsSwiftBaseConfigDemo" */ = {
			isa = XCConfigurationList;
			buildConfigurations = (
				C59C65572F1BFB1A0060EEAD /* Debug */,
				C59C65582F1BFB1A0060EEAD /* Release */,
			);
			defaultConfigurationIsVisible = 0;
			defaultConfigurationName = Release;
		};
		C59C65592F1BFB1A0060EEAD /* Build configuration list for PBXNativeTarget "JobsSwiftBaseConfigDemo" */ = {
			isa = XCConfigurationList;
			buildConfigurations = (
				C59C655A2F1BFB1A0060EEAD /* Debug */,
				C59C655B2F1BFB1A0060EEAD /* Release */,
			);
			defaultConfigurationIsVisible = 0;
			defaultConfigurationName = Release;
		};
		C59C655C2F1BFB1A0060EEAD /* Build configuration list for PBXNativeTarget "JobsSwiftBaseConfigDemoTests" */ = {
			isa = XCConfigurationList;
			buildConfigurations = (
				C59C655D2F1BFB1A0060EEAD /* Debug */,
				C59C655E2F1BFB1A0060EEAD /* Release */,
			);
			defaultConfigurationIsVisible = 0;
			defaultConfigurationName = Release;
		};
		C59C655F2F1BFB1A0060EEAD /* Build configuration list for PBXNativeTarget "JobsSwiftBaseConfigDemoUITests" */ = {
			isa = XCConfigurationList;
			buildConfigurations = (
				C59C65602F1BFB1A0060EEAD /* Debug */,
				C59C65612F1BFB1A0060EEAD /* Release */,
			);
			defaultConfigurationIsVisible = 0;
			defaultConfigurationName = Release;
		};
/* End XCConfigurationList section */
	};
	rootObject = C59C652E2F1BFB190060EEAD /* Project object */;
}
